// !$*UTF8*$!
{
	archiveVersion = 1;
	classes = {
	};
	objectVersion = 46;
	objects = {

/* Begin PBXBuildFile section */
		D80FB34F1CCE1B9800B8BDE8 /* AppDelegate.swift in Sources */ = {isa = PBXBuildFile; fileRef = D80FB34E1CCE1B9800B8BDE8 /* AppDelegate.swift */; };
		D80FB3511CCE1B9800B8BDE8 /* ViewController.swift in Sources */ = {isa = PBXBuildFile; fileRef = D80FB3501CCE1B9800B8BDE8 /* ViewController.swift */; };
		D80FB3541CCE1B9800B8BDE8 /* Main.storyboard in Resources */ = {isa = PBXBuildFile; fileRef = D80FB3521CCE1B9800B8BDE8 /* Main.storyboard */; };
		D80FB3561CCE1B9800B8BDE8 /* Assets.xcassets in Resources */ = {isa = PBXBuildFile; fileRef = D80FB3551CCE1B9800B8BDE8 /* Assets.xcassets */; };
		D80FB3591CCE1B9800B8BDE8 /* LaunchScreen.storyboard in Resources */ = {isa = PBXBuildFile; fileRef = D80FB3571CCE1B9800B8BDE8 /* LaunchScreen.storyboard */; };
/* End PBXBuildFile section */

/* Begin PBXFileReference section */
		D80FB34B1CCE1B9800B8BDE8 /* SimpleCollectionView.app */ = {isa = PBXFileReference; explicitFileType = wrapper.application; includeInIndex = 0; path = SimpleCollectionView.app; sourceTree = BUILT_PRODUCTS_DIR; };
		D80FB34E1CCE1B9800B8BDE8 /* AppDelegate.swift */ = {isa = PBXFileReference; lastKnownFileType = sourcecode.swift; path = AppDelegate.swift; sourceTree = "<group>"; };
		D80FB3501CCE1B9800B8BDE8 /* ViewController.swift */ = {isa = PBXFileReference; lastKnownFileType = sourcecode.swift; path = ViewController.swift; sourceTree = "<group>"; };
		D80FB3531CCE1B9800B8BDE8 /* Base */ = {isa = PBXFileReference; lastKnownFileType = file.storyboard; name = Base; path = Base.lproj/Main.storyboard; sourceTree = "<group>"; };
		D80FB3551CCE1B9800B8BDE8 /* Assets.xcassets */ = {isa = PBXFileReference; lastKnownFileType = folder.assetcatalog; path = Assets.xcassets; sourceTree = "<group>"; };
		D80FB3581CCE1B9800B8BDE8 /* Base */ = {isa = PBXFileReference; lastKnownFileType = file.storyboard; name = Base; path = Base.lproj/LaunchScreen.storyboard; sourceTree = "<group>"; };
		D80FB35A1CCE1B9800B8BDE8 /* Info.plist */ = {isa = PBXFileReference; lastKnownFileType = text.plist.xml; path = Info.plist; sourceTree = "<group>"; };
/* End PBXFileReference section */

/* Begin PBXFrameworksBuildPhase section */
		D80FB3481CCE1B9800B8BDE8 /* Frameworks */ = {
			isa = PBXFrameworksBuildPhase;
			buildActionMask = 2147483647;
			files = (
			);
			runOnlyForDeploymentPostprocessing = 0;
		};
/* End PBXFrameworksBuildPhase section */

/* Begin PBXGroup section */
		D80FB3421CCE1B9800B8BDE8 = {
			isa = PBXGroup;
			children = (
				D80FB34D1CCE1B9800B8BDE8 /* SimpleCollectionView */,
				D80FB34C1CCE1B9800B8BDE8 /* Products */,
			);
			sourceTree = "<group>";
		};
		D80FB34C1CCE1B9800B8BDE8 /* Products */ = {
			isa = PBXGroup;
			children = (
				D80FB34B1CCE1B9800B8BDE8 /* SimpleCollectionView.app */,
			);
			name = Products;
			sourceTree = "<group>";
		};
		D80FB34D1CCE1B9800B8BDE8 /* SimpleCollectionView */ = {
			isa = PBXGroup;
			children = (
				D80FB34E1CCE1B9800B8BDE8 /* AppDelegate.swift */,
				D80FB3501CCE1B9800B8BDE8 /* ViewController.swift */,
				D80FB3521CCE1B9800B8BDE8 /* Main.storyboard */,
				D80FB3551CCE1B9800B8BDE8 /* Assets.xcassets */,
				D80FB3571CCE1B9800B8BDE8 /* LaunchScreen.storyboard */,
				D80FB35A1CCE1B9800B8BDE8 /* Info.plist */,
			);
			path = SimpleCollectionView;
			sourceTree = "<group>";
		};
/* End PBXGroup section */

/* Begin PBXNativeTarget section */
		D80FB34A1CCE1B9800B8BDE8 /* SimpleCollectionView */ = {
			isa = PBXNativeTarget;
			buildConfigurationList = D80FB35D1CCE1B9800B8BDE8 /* Build configuration list for PBXNativeTarget "SimpleCollectionView" */;
			buildPhases = (
				D80FB3471CCE1B9800B8BDE8 /* Sources */,
				D80FB3481CCE1B9800B8BDE8 /* Frameworks */,
				D80FB3491CCE1B9800B8BDE8 /* Resources */,
			);
			buildRules = (
			);
			dependencies = (
			);
			name = SimpleCollectionView;
			productName = SimpleCollectionView;
			productReference = D80FB34B1CCE1B9800B8BDE8 /* SimpleCollectionView.app */;
			productType = "com.apple.product-type.application";
		};
/* End PBXNativeTarget section */

/* Begin PBXProject section */
		D80FB3431CCE1B9800B8BDE8 /* Project object */ = {
			isa = PBXProject;
			attributes = {
				LastSwiftUpdateCheck = 0730;
				LastUpgradeCheck = 0730;
				ORGANIZATIONNAME = Pitipong;
				TargetAttributes = {
					D80FB34A1CCE1B9800B8BDE8 = {
						CreatedOnToolsVersion = 7.3;
						DevelopmentTeam = PH294HZL67;
					};
				};
			};
			buildConfigurationList = D80FB3461CCE1B9800B8BDE8 /* Build configuration list for PBXProject "SimpleCollectionView" */;
			compatibilityVersion = "Xcode 3.2";
			developmentRegion = English;
			hasScannedForEncodings = 0;
			knownRegions = (
				en,
				Base,
			);
			mainGroup = D80FB3421CCE1B9800B8BDE8;
			productRefGroup = D80FB34C1CCE1B9800B8BDE8 /* Products */;
			projectDirPath = "";
			projectRoot = "";
			targets = (
				D80FB34A1CCE1B9800B8BDE8 /* SimpleCollectionView */,
			);
		};
/* End PBXProject section */

/* Begin PBXResourcesBuildPhase section */
		D80FB3491CCE1B9800B8BDE8 /* Resources */ = {
			isa = PBXResourcesBuildPhase;
			buildActionMask = 2147483647;
			files = (
				D80FB3591CCE1B9800B8BDE8 /* LaunchScreen.storyboard in Resources */,
				D80FB3561CCE1B9800B8BDE8 /* Assets.xcassets in Resources */,
				D80FB3541CCE1B9800B8BDE8 /* Main.storyboard in Resources */,
			);
			runOnlyForDeploymentPostprocessing = 0;
		};
/* End PBXResourcesBuildPhase section */

/* Begin PBXSourcesBuildPhase section */
		D80FB3471CCE1B9800B8BDE8 /* Sources */ = {
			isa = PBXSourcesBuildPhase;
			buildActionMask = 2147483647;
			files = (
				D80FB3511CCE1B9800B8BDE8 /* ViewController.swift in Sources */,
				D80FB34F1CCE1B9800B8BDE8 /* AppDelegate.swift in Sources */,
			);
			runOnlyForDeploymentPostprocessing = 0;
		};
/* End PBXSourcesBuildPhase section */

/* Begin PBXVariantGroup section */
		D80FB3521CCE1B9800B8BDE8 /* Main.storyboard */ = {
			isa = PBXVariantGroup;
			children = (
				D80FB3531CCE1B9800B8BDE8 /* Base */,
			);
			name = Main.storyboard;
			sourceTree = "<group>";
		};
		D80FB3571CCE1B9800B8BDE8 /* LaunchScreen.storyboard */ = {
			isa = PBXVariantGroup;
			children = (
				D80FB3581CCE1B9800B8BDE8 /* Base */,
			);
			name = LaunchScreen.storyboard;
			sourceTree = "<group>";
		};
/* End PBXVariantGroup section */

/* Begin XCBuildConfiguration section */
		D80FB35B1CCE1B9800B8BDE8 /* Debug */ = {
			isa = XCBuildConfiguration;
			buildSettings = {
				ALWAYS_SEARCH_USER_PATHS = NO;
				CLANG_ANALYZER_NONNULL = YES;
				CLANG_CXX_LANGUAGE_STANDARD = "gnu++0x";
				CLANG_CXX_LIBRARY = "libc++";
				CLANG_ENABLE_MODULES = YES;
				CLANG_ENABLE_OBJC_ARC = YES;
				CLANG_WARN_BOOL_CONVERSION = YES;
				CLANG_WARN_CONSTANT_CONVERSION = YES;
				CLANG_WARN_DIRECT_OBJC_ISA_USAGE = YES_ERROR;
				CLANG_WARN_EMPTY_BODY = YES;
				CLANG_WARN_ENUM_CONVERSION = YES;
				CLANG_WARN_INT_CONVERSION = YES;
				CLANG_WARN_OBJC_ROOT_CLASS = YES_ERROR;
				CLANG_WARN_UNREACHABLE_CODE = YES;
				CLANG_WARN__DUPLICATE_METHOD_MATCH = YES;
				"CODE_SIGN_IDENTITY[sdk=iphoneos*]" = "iPhone Developer";
				COPY_PHASE_STRIP = NO;
				DEBUG_INFORMATION_FORMAT = dwarf;
				ENABLE_STRICT_OBJC_MSGSEND = YES;
				ENABLE_TESTABILITY = YES;
				GCC_C_LANGUAGE_STANDARD = gnu99;
				GCC_DYNAMIC_NO_PIC = NO;
				GCC_NO_COMMON_BLOCKS = YES;
				GCC_OPTIMIZATION_LEVEL = 0;
				GCC_PREPROCESSOR_DEFINITIONS = (
					"DEBUG=1",
					"$(inherited)",
				);
				GCC_WARN_64_TO_32_BIT_CONVERSION = YES;
				GCC_WARN_ABOUT_RETURN_TYPE = YES_ERROR;
				GCC_WARN_UNDECLARED_SELECTOR = YES;
				GCC_WARN_UNINITIALIZED_AUTOS = YES_AGGRESSIVE;
				GCC_WARN_UNUSED_FUNCTION = YES;
				GCC_WARN_UNUSED_VARIABLE = YES;
				IPHONEOS_DEPLOYMENT_TARGET = 9.3;
				MTL_ENABLE_DEBUG_INFO = YES;
				ONLY_ACTIVE_ARCH = YES;
				SDKROOT = iphoneos;
				SWIFT_OPTIMIZATION_LEVEL = "-Onone";
				TARGETED_DEVICE_FAMILY = "1,2";
			};
			name = Debug;
		};
		D80FB35C1CCE1B9800B8BDE8 /* Release */ = {
			isa = XCBuildConfiguration;
			buildSettings = {
				ALWAYS_SEARCH_USER_PATHS = NO;
				CLANG_ANALYZER_NONNULL = YES;
				CLANG_CXX_LANGUAGE_STANDARD = "gnu++0x";
				CLANG_CXX_LIBRARY = "libc++";
				CLANG_ENABLE_MODULES = YES;
				CLANG_ENABLE_OBJC_ARC = YES;
				CLANG_WARN_BOOL_CONVERSION = YES;
				CLANG_WARN_CONSTANT_CONVERSION = YES;
				CLANG_WARN_DIRECT_OBJC_ISA_USAGE = YES_ERROR;
				CLANG_WARN_EMPTY_BODY = YES;
				CLANG_WARN_ENUM_CONVERSION = YES;
				CLANG_WARN_INT_CONVERSION = YES;
				CLANG_WARN_OBJC_ROOT_CLASS = YES_ERROR;
				CLANG_WARN_UNREACHABLE_CODE = YES;
				CLANG_WARN__DUPLICATE_METHOD_MATCH = YES;
				"CODE_SIGN_IDENTITY[sdk=iphoneos*]" = "iPhone Developer";
				COPY_PHASE_STRIP = NO;
				DEBUG_INFORMATION_FORMAT = "dwarf-with-dsym";
				ENABLE_NS_ASSERTIONS = NO;
				ENABLE_STRICT_OBJC_MSGSEND = YES;
				GCC_C_LANGUAGE_STANDARD = gnu99;
				GCC_NO_COMMON_BLOCKS = YES;
				GCC_WARN_64_TO_32_BIT_CONVERSION = YES;
				GCC_WARN_ABOUT_RETURN_TYPE = YES_ERROR;
				GCC_WARN_UNDECLARED_SELECTOR = YES;
				GCC_WARN_UNINITIALIZED_AUTOS = YES_AGGRESSIVE;
				GCC_WARN_UNUSED_FUNCTION = YES;
				GCC_WARN_UNUSED_VARIABLE = YES;
				IPHONEOS_DEPLOYMENT_TARGET = 9.3;
				MTL_ENABLE_DEBUG_INFO = NO;
				SDKROOT = iphoneos;
				TARGETED_DEVICE_FAMILY = "1,2";
				VALIDATE_PRODUCT = YES;
			};
			name = Release;
		};
		D80FB35E1CCE1B9800B8BDE8 /* Debug */ = {
			isa = XCBuildConfiguration;
			buildSettings = {
				ASSETCATALOG_COMPILER_APPICON_NAME = AppIcon;
				INFOPLIST_FILE = SimpleCollectionView/Info.plist;
				LD_RUNPATH_SEARCH_PATHS = "$(inherited) @executable_path/Frameworks";
				PRODUCT_BUNDLE_IDENTIFIER = com.pitipong.SimpleCollectionView;
				PRODUCT_NAME = "$(TARGET_NAME)";
			};
			name = Debug;
		};
		D80FB35F1CCE1B9800B8BDE8 /* Release */ = {
			isa = XCBuildConfiguration;
			buildSettings = {
				ASSETCATALOG_COMPILER_APPICON_NAME = AppIcon;
				INFOPLIST_FILE = SimpleCollectionView/Info.plist;
				LD_RUNPATH_SEARCH_PATHS = "$(inherited) @executable_path/Frameworks";
				PRODUCT_BUNDLE_IDENTIFIER = com.pitipong.SimpleCollectionView;
				PRODUCT_NAME = "$(TARGET_NAME)";
			};
			name = Release;
		};
/* End XCBuildConfiguration section */

/* Begin XCConfigurationList section */
		D80FB3461CCE1B9800B8BDE8 /* Build configuration list for PBXProject "SimpleCollectionView" */ = {
			isa = XCConfigurationList;
			buildConfigurations = (
				D80FB35B1CCE1B9800B8BDE8 /* Debug */,
				D80FB35C1CCE1B9800B8BDE8 /* Release */,
			);
			defaultConfigurationIsVisible = 0;
			defaultConfigurationName = Release;
		};
		D80FB35D1CCE1B9800B8BDE8 /* Build configuration list for PBXNativeTarget "SimpleCollectionView" */ = {
			isa = XCConfigurationList;
			buildConfigurations = (
				D80FB35E1CCE1B9800B8BDE8 /* Debug */,
				D80FB35F1CCE1B9800B8BDE8 /* Release */,
			);
			defaultConfigurationIsVisible = 0;
		};
/* End XCConfigurationList section */
	};
	rootObject = D80FB3431CCE1B9800B8BDE8 /* Project object */;
}
